
Microsoft Visual Studio Solution File, Format Version 12.00
# Visual Studio Version 16
VisualStudioVersion = 16.0.30503.244
MinimumVisualStudioVersion = 10.0.40219.1
Project("{FAE04EC0-301F-11D3-BF4B-00C04F79EFBC}") = "Military_District_System", "Military_District_System\Military_District_System.csproj", "{6059FA77-59DE-49E3-AB95-43C9FD02F37F}"
EndProject
Global
	GlobalSection(SolutionConfigurationPlatforms) = preSolution
		Debug|Any CPU = Debug|Any CPU
		Release|Any CPU = Release|Any CPU
	EndGlobalSection
	GlobalSection(ProjectConfigurationPlatforms) = postSolution
		{6059FA77-59DE-49E3-AB95-43C9FD02F37F}.Debug|Any CPU.ActiveCfg = Debug|Any CPU
		{6059FA77-59DE-49E3-AB95-43C9FD02F37F}.Debug|Any CPU.Build.0 = Debug|Any CPU
		{6059FA77-59DE-49E3-AB95-43C9FD02F37F}.Release|Any CPU.ActiveCfg = Release|Any CPU
		{6059FA77-59DE-49E3-AB95-43C9FD02F37F}.Release|Any CPU.Build.0 = Release|Any CPU
	EndGlobalSection
	GlobalSection(SolutionProperties) = preSolution
		HideSolutionNode = FALSE
	EndGlobalSection
	GlobalSection(ExtensibilityGlobals) = postSolution
		SolutionGuid = {F3C80E7C-5887-47A6-AE2A-760C3D6AD1DF}
	EndGlobalSection
EndGlobal
